
Microsoft Visual Studio Solution File, Format Version 12.00
# Visual Studio 15
VisualStudioVersion = 15.0.26730.12
MinimumVisualStudioVersion = 10.0.40219.1
Project("{FAE04EC0-301F-11D3-BF4B-00C04F79EFBC}") = "ExFat.Core", "ExFat.Core\ExFat.Core.csproj", "{694BBB9A-204F-41A3-927E-2BCB8AA9DADE}"
EndProject
Project("{FAE04EC0-301F-11D3-BF4B-00C04F79EFBC}") = "ExFat.DiscUtils", "ExFat.DiscUtils\ExFat.DiscUtils.csproj", "{D3FE0435-345E-4BDE-A22E-AD923638275C}"
EndProject
Project("{FAE04EC0-301F-11D3-BF4B-00C04F79EFBC}") = "ExFat.DiscUtils.Tests", "ExFat.DiscUtils.Tests\ExFat.DiscUtils.Tests.csproj", "{14CB35EF-DC35-4DCD-87DA-C18515F82900}"
EndProject
Project("{FAE04EC0-301F-11D3-BF4B-00C04F79EFBC}") = "ExFat.Generator", "ExFat.Generator\ExFat.Generator.csproj", "{38AFE1E7-0F63-4D05-A9A9-FC8ED2C9B8DC}"
EndProject
Project("{2150E333-8FDC-42A3-9474-1A3956D46DE8}") = "Solution Items", "Solution Items", "{7EBD92BC-3964-4F67-A640-41DF9A53D984}"
	ProjectSection(SolutionItems) = preProject
		.gitattributes = .gitattributes
		.gitignore = .gitignore
		appveyor.yml = appveyor.yml
		README.md = README.md
	EndProjectSection
EndProject
Global
	GlobalSection(SolutionConfigurationPlatforms) = preSolution
		Debug|Any CPU = Debug|Any CPU
		Release|Any CPU = Release|Any CPU
	EndGlobalSection
	GlobalSection(ProjectConfigurationPlatforms) = postSolution
		{694BBB9A-204F-41A3-927E-2BCB8AA9DADE}.Debug|Any CPU.ActiveCfg = Debug|Any CPU
		{694BBB9A-204F-41A3-927E-2BCB8AA9DADE}.Debug|Any CPU.Build.0 = Debug|Any CPU
		{694BBB9A-204F-41A3-927E-2BCB8AA9DADE}.Release|Any CPU.ActiveCfg = Release|Any CPU
		{694BBB9A-204F-41A3-927E-2BCB8AA9DADE}.Release|Any CPU.Build.0 = Release|Any CPU
		{D3FE0435-345E-4BDE-A22E-AD923638275C}.Debug|Any CPU.ActiveCfg = Debug|Any CPU
		{D3FE0435-345E-4BDE-A22E-AD923638275C}.Debug|Any CPU.Build.0 = Debug|Any CPU
		{D3FE0435-345E-4BDE-A22E-AD923638275C}.Release|Any CPU.ActiveCfg = Release|Any CPU
		{D3FE0435-345E-4BDE-A22E-AD923638275C}.Release|Any CPU.Build.0 = Release|Any CPU
		{14CB35EF-DC35-4DCD-87DA-C18515F82900}.Debug|Any CPU.ActiveCfg = Debug|Any CPU
		{14CB35EF-DC35-4DCD-87DA-C18515F82900}.Debug|Any CPU.Build.0 = Debug|Any CPU
		{14CB35EF-DC35-4DCD-87DA-C18515F82900}.Release|Any CPU.ActiveCfg = Release|Any CPU
		{14CB35EF-DC35-4DCD-87DA-C18515F82900}.Release|Any CPU.Build.0 = Release|Any CPU
		{38AFE1E7-0F63-4D05-A9A9-FC8ED2C9B8DC}.Debug|Any CPU.ActiveCfg = Debug|Any CPU
		{38AFE1E7-0F63-4D05-A9A9-FC8ED2C9B8DC}.Debug|Any CPU.Build.0 = Debug|Any CPU
		{38AFE1E7-0F63-4D05-A9A9-FC8ED2C9B8DC}.Release|Any CPU.ActiveCfg = Release|Any CPU
		{38AFE1E7-0F63-4D05-A9A9-FC8ED2C9B8DC}.Release|Any CPU.Build.0 = Release|Any CPU
	EndGlobalSection
	GlobalSection(SolutionProperties) = preSolution
		HideSolutionNode = FALSE
	EndGlobalSection
	GlobalSection(ExtensibilityGlobals) = postSolution
		SolutionGuid = {BA56D71E-29B4-4BD0-9C60-80CBE082F563}
	EndGlobalSection
EndGlobal
